{
  "requires": true,
  "lockfileVersion": 1,
  "dependencies": {
    "binary-search-tree": {
      "version": "0.2.6",
      "resolved": "http://registry.npm.taobao.org/binary-search-tree/download/binary-search-tree-0.2.6.tgz",
      "integrity": "sha1-xtKRlOKGgn/P/geQEOa/d97xDOM=",
      "requires": {
        "underscore": "~1.4.4"
      }
    },
    "underscore": {
      "version": "1.4.4",
      "resolved": "http://registry.npm.taobao.org/underscore/download/underscore-1.4.4.tgz",
      "integrity": "sha1-YaajIBBiKvoHljvzJSA88SI51gQ="
    }
  }
}
